// !$*UTF8*$!
{
	archiveVersion = 1;
	classes = {
	};
	objectVersion = 56;
	objects = {

/* Begin PBXBuildFile section */
		3D5CFC872B72EFE700E96DDB /* BodyFatApp.swift in Sources */ = {isa = PBXBuildFile; fileRef = 3D5CFC862B72EFE700E96DDB /* BodyFatApp.swift */; };
		3D5CFC8B2B72EFE800E96DDB /* Assets.xcassets in Resources */ = {isa = PBXBuildFile; fileRef = 3D5CFC8A2B72EFE800E96DDB /* Assets.xcassets */; };
		3D5CFC952B72F44800E96DDB /* BodyFatModelExtended.mlmodel in Sources */ = {isa = PBXBuildFile; fileRef = 3D5CFC942B72F44800E96DDB /* BodyFatModelExtended.mlmodel */; };
		3D5CFC972B72F8AF00E96DDB /* MainView.swift in Sources */ = {isa = PBXBuildFile; fileRef = 3D5CFC962B72F8AF00E96DDB /* MainView.swift */; };
		3D5CFC992B72F8D500E96DDB /* BodyFatModel.swift in Sources */ = {isa = PBXBuildFile; fileRef = 3D5CFC982B72F8D500E96DDB /* BodyFatModel.swift */; };
		3D5CFC9B2B72F90A00E96DDB /* CharacterMetricsViewModel.swift in Sources */ = {isa = PBXBuildFile; fileRef = 3D5CFC9A2B72F90A00E96DDB /* CharacterMetricsViewModel.swift */; };
		3D5CFC9D2B72F92000E96DDB /* Gender.swift in Sources */ = {isa = PBXBuildFile; fileRef = 3D5CFC9C2B72F92000E96DDB /* Gender.swift */; };
		3D5CFC9F2B72F93600E96DDB /* MetricDisplayable.swift in Sources */ = {isa = PBXBuildFile; fileRef = 3D5CFC9E2B72F93600E96DDB /* MetricDisplayable.swift */; };
		3D5CFCA12B72F95400E96DDB /* MetricsField.swift in Sources */ = {isa = PBXBuildFile; fileRef = 3D5CFCA02B72F95400E96DDB /* MetricsField.swift */; };
		3D5CFCA32B72F96B00E96DDB /* ViewModel.swift in Sources */ = {isa = PBXBuildFile; fileRef = 3D5CFCA22B72F96B00E96DDB /* ViewModel.swift */; };
		3D5CFCA52B72F98300E96DDB /* CharacterView.swift in Sources */ = {isa = PBXBuildFile; fileRef = 3D5CFCA42B72F98300E96DDB /* CharacterView.swift */; };
		3D5CFCA72B72F99900E96DDB /* FloatingInputView.swift in Sources */ = {isa = PBXBuildFile; fileRef = 3D5CFCA62B72F99900E96DDB /* FloatingInputView.swift */; };
		3D5CFCA92B72F9B100E96DDB /* HeightView.swift in Sources */ = {isa = PBXBuildFile; fileRef = 3D5CFCA82B72F9B100E96DDB /* HeightView.swift */; };
		3D5CFCAB2B72F9F900E96DDB /* MarkerMetricView.swift in Sources */ = {isa = PBXBuildFile; fileRef = 3D5CFCAA2B72F9F900E96DDB /* MarkerMetricView.swift */; };
		3D5CFCAD2B72FA6200E96DDB /* MetricView.swift in Sources */ = {isa = PBXBuildFile; fileRef = 3D5CFCAC2B72FA6200E96DDB /* MetricView.swift */; };
		3D5CFCAF2B72FA8400E96DDB /* WeightView.swift in Sources */ = {isa = PBXBuildFile; fileRef = 3D5CFCAE2B72FA8400E96DDB /* WeightView.swift */; };
		3DFC602F2B73DD23008956E6 /* CoreMLBodyFatUITests.swift in Sources */ = {isa = PBXBuildFile; fileRef = 3DFC602E2B73DD23008956E6 /* CoreMLBodyFatUITests.swift */; };
		3DFC60312B73DD23008956E6 /* CoreMLBodyFatUITestsLaunchTests.swift in Sources */ = {isa = PBXBuildFile; fileRef = 3DFC60302B73DD23008956E6 /* CoreMLBodyFatUITestsLaunchTests.swift */; };
/* End PBXBuildFile section */

/* Begin PBXContainerItemProxy section */
		3DFC60322B73DD23008956E6 /* PBXContainerItemProxy */ = {
			isa = PBXContainerItemProxy;
			containerPortal = 3D5CFC7B2B72EFE700E96DDB /* Project object */;
			proxyType = 1;
			remoteGlobalIDString = 3D5CFC822B72EFE700E96DDB;
			remoteInfo = "CoreML Body Fat";
		};
/* End PBXContainerItemProxy section */

/* Begin PBXFileReference section */
		3D5CFC832B72EFE700E96DDB /* CoreML Body Fat.app */ = {isa = PBXFileReference; explicitFileType = wrapper.application; includeInIndex = 0; path = "CoreML Body Fat.app"; sourceTree = BUILT_PRODUCTS_DIR; };
		3D5CFC862B72EFE700E96DDB /* BodyFatApp.swift */ = {isa = PBXFileReference; lastKnownFileType = sourcecode.swift; path = BodyFatApp.swift; sourceTree = "<group>"; };
		3D5CFC8A2B72EFE800E96DDB /* Assets.xcassets */ = {isa = PBXFileReference; lastKnownFileType = folder.assetcatalog; path = Assets.xcassets; sourceTree = "<group>"; };
		3D5CFC942B72F44800E96DDB /* BodyFatModelExtended.mlmodel */ = {isa = PBXFileReference; lastKnownFileType = file.mlmodel; path = BodyFatModelExtended.mlmodel; sourceTree = "<group>"; };
		3D5CFC962B72F8AF00E96DDB /* MainView.swift */ = {isa = PBXFileReference; lastKnownFileType = sourcecode.swift; path = MainView.swift; sourceTree = "<group>"; };
		3D5CFC982B72F8D500E96DDB /* BodyFatModel.swift */ = {isa = PBXFileReference; lastKnownFileType = sourcecode.swift; path = BodyFatModel.swift; sourceTree = "<group>"; };
		3D5CFC9A2B72F90A00E96DDB /* CharacterMetricsViewModel.swift */ = {isa = PBXFileReference; lastKnownFileType = sourcecode.swift; path = CharacterMetricsViewModel.swift; sourceTree = "<group>"; };
		3D5CFC9C2B72F92000E96DDB /* Gender.swift */ = {isa = PBXFileReference; lastKnownFileType = sourcecode.swift; path = Gender.swift; sourceTree = "<group>"; };
		3D5CFC9E2B72F93600E96DDB /* MetricDisplayable.swift */ = {isa = PBXFileReference; lastKnownFileType = sourcecode.swift; path = MetricDisplayable.swift; sourceTree = "<group>"; };
		3D5CFCA02B72F95400E96DDB /* MetricsField.swift */ = {isa = PBXFileReference; lastKnownFileType = sourcecode.swift; path = MetricsField.swift; sourceTree = "<group>"; };
		3D5CFCA22B72F96B00E96DDB /* ViewModel.swift */ = {isa = PBXFileReference; lastKnownFileType = sourcecode.swift; path = ViewModel.swift; sourceTree = "<group>"; };
		3D5CFCA42B72F98300E96DDB /* CharacterView.swift */ = {isa = PBXFileReference; lastKnownFileType = sourcecode.swift; path = CharacterView.swift; sourceTree = "<group>"; };
		3D5CFCA62B72F99900E96DDB /* FloatingInputView.swift */ = {isa = PBXFileReference; lastKnownFileType = sourcecode.swift; path = FloatingInputView.swift; sourceTree = "<group>"; };
		3D5CFCA82B72F9B100E96DDB /* HeightView.swift */ = {isa = PBXFileReference; lastKnownFileType = sourcecode.swift; path = HeightView.swift; sourceTree = "<group>"; };
		3D5CFCAA2B72F9F900E96DDB /* MarkerMetricView.swift */ = {isa = PBXFileReference; lastKnownFileType = sourcecode.swift; path = MarkerMetricView.swift; sourceTree = "<group>"; };
		3D5CFCAC2B72FA6200E96DDB /* MetricView.swift */ = {isa = PBXFileReference; lastKnownFileType = sourcecode.swift; path = MetricView.swift; sourceTree = "<group>"; };
		3D5CFCAE2B72FA8400E96DDB /* WeightView.swift */ = {isa = PBXFileReference; lastKnownFileType = sourcecode.swift; path = WeightView.swift; sourceTree = "<group>"; };
		3DFC602C2B73DD23008956E6 /* CoreMLBodyFatUITests.xctest */ = {isa = PBXFileReference; explicitFileType = wrapper.cfbundle; includeInIndex = 0; path = CoreMLBodyFatUITests.xctest; sourceTree = BUILT_PRODUCTS_DIR; };
		3DFC602E2B73DD23008956E6 /* CoreMLBodyFatUITests.swift */ = {isa = PBXFileReference; lastKnownFileType = sourcecode.swift; path = CoreMLBodyFatUITests.swift; sourceTree = "<group>"; };
		3DFC60302B73DD23008956E6 /* CoreMLBodyFatUITestsLaunchTests.swift */ = {isa = PBXFileReference; lastKnownFileType = sourcecode.swift; path = CoreMLBodyFatUITestsLaunchTests.swift; sourceTree = "<group>"; };
/* End PBXFileReference section */

/* Begin PBXFrameworksBuildPhase section */
		3D5CFC802B72EFE700E96DDB /* Frameworks */ = {
			isa = PBXFrameworksBuildPhase;
			buildActionMask = 2147483647;
			files = (
			);
			runOnlyForDeploymentPostprocessing = 0;
		};
		3DFC60292B73DD23008956E6 /* Frameworks */ = {
			isa = PBXFrameworksBuildPhase;
			buildActionMask = 2147483647;
			files = (
			);
			runOnlyForDeploymentPostprocessing = 0;
		};
/* End PBXFrameworksBuildPhase section */

/* Begin PBXGroup section */
		3D5CFC7A2B72EFE700E96DDB = {
			isa = PBXGroup;
			children = (
				3D5CFC852B72EFE700E96DDB /* CoreMLBodyFat */,
				3DFC602D2B73DD23008956E6 /* CoreMLBodyFatUITests */,
				3D5CFC842B72EFE700E96DDB /* Products */,
			);
			sourceTree = "<group>";
		};
		3D5CFC842B72EFE700E96DDB /* Products */ = {
			isa = PBXGroup;
			children = (
				3D5CFC832B72EFE700E96DDB /* CoreML Body Fat.app */,
				3DFC602C2B73DD23008956E6 /* CoreMLBodyFatUITests.xctest */,
			);
			name = Products;
			sourceTree = "<group>";
		};
		3D5CFC852B72EFE700E96DDB /* CoreMLBodyFat */ = {
			isa = PBXGroup;
			children = (
				3D5CFC8A2B72EFE800E96DDB /* Assets.xcassets */,
				3D5CFC862B72EFE700E96DDB /* BodyFatApp.swift */,
				3D5CFC982B72F8D500E96DDB /* BodyFatModel.swift */,
				3D5CFC942B72F44800E96DDB /* BodyFatModelExtended.mlmodel */,
				3D5CFC9A2B72F90A00E96DDB /* CharacterMetricsViewModel.swift */,
				3D5CFCA42B72F98300E96DDB /* CharacterView.swift */,
				3D5CFCA62B72F99900E96DDB /* FloatingInputView.swift */,
				3D5CFC9C2B72F92000E96DDB /* Gender.swift */,
				3D5CFCA82B72F9B100E96DDB /* HeightView.swift */,
				3D5CFC962B72F8AF00E96DDB /* MainView.swift */,
				3D5CFCAA2B72F9F900E96DDB /* MarkerMetricView.swift */,
				3D5CFC9E2B72F93600E96DDB /* MetricDisplayable.swift */,
				3D5CFCA02B72F95400E96DDB /* MetricsField.swift */,
				3D5CFCAC2B72FA6200E96DDB /* MetricView.swift */,
				3D5CFCA22B72F96B00E96DDB /* ViewModel.swift */,
				3D5CFCAE2B72FA8400E96DDB /* WeightView.swift */,
			);
			path = CoreMLBodyFat;
			sourceTree = "<group>";
		};
		3DFC602D2B73DD23008956E6 /* CoreMLBodyFatUITests */ = {
			isa = PBXGroup;
			children = (
				3DFC602E2B73DD23008956E6 /* CoreMLBodyFatUITests.swift */,
				3DFC60302B73DD23008956E6 /* CoreMLBodyFatUITestsLaunchTests.swift */,
			);
			path = CoreMLBodyFatUITests;
			sourceTree = "<group>";
		};
/* End PBXGroup section */

/* Begin PBXNativeTarget section */
		3D5CFC822B72EFE700E96DDB /* CoreML Body Fat */ = {
			isa = PBXNativeTarget;
			buildConfigurationList = 3D5CFC912B72EFE800E96DDB /* Build configuration list for PBXNativeTarget "CoreML Body Fat" */;
			buildPhases = (
				3D5CFC7F2B72EFE700E96DDB /* Sources */,
				3D5CFC802B72EFE700E96DDB /* Frameworks */,
				3D5CFC812B72EFE700E96DDB /* Resources */,
			);
			buildRules = (
			);
			dependencies = (
			);
			name = "CoreML Body Fat";
			productName = "CoreML Body Fat";
			productReference = 3D5CFC832B72EFE700E96DDB /* CoreML Body Fat.app */;
			productType = "com.apple.product-type.application";
		};
		3DFC602B2B73DD23008956E6 /* CoreMLBodyFatUITests */ = {
			isa = PBXNativeTarget;
			buildConfigurationList = 3DFC60342B73DD23008956E6 /* Build configuration list for PBXNativeTarget "CoreMLBodyFatUITests" */;
			buildPhases = (
				3DFC60282B73DD23008956E6 /* Sources */,
				3DFC60292B73DD23008956E6 /* Frameworks */,
				3DFC602A2B73DD23008956E6 /* Resources */,
			);
			buildRules = (
			);
			dependencies = (
				3DFC60332B73DD23008956E6 /* PBXTargetDependency */,
			);
			name = CoreMLBodyFatUITests;
			productName = CoreMLBodyFatUITests;
			productReference = 3DFC602C2B73DD23008956E6 /* CoreMLBodyFatUITests.xctest */;
			productType = "com.apple.product-type.bundle.ui-testing";
		};
/* End PBXNativeTarget section */

/* Begin PBXProject section */
		3D5CFC7B2B72EFE700E96DDB /* Project object */ = {
			isa = PBXProject;
			attributes = {
				BuildIndependentTargetsInParallel = 1;
				LastSwiftUpdateCheck = 1500;
				LastUpgradeCheck = 1500;
				TargetAttributes = {
					3D5CFC822B72EFE700E96DDB = {
						CreatedOnToolsVersion = 15.0;
					};
					3DFC602B2B73DD23008956E6 = {
						CreatedOnToolsVersion = 15.0;
						TestTargetID = 3D5CFC822B72EFE700E96DDB;
					};
				};
			};
			buildConfigurationList = 3D5CFC7E2B72EFE700E96DDB /* Build configuration list for PBXProject "CoreMLBodyFat" */;
			compatibilityVersion = "Xcode 14.0";
			developmentRegion = en;
			hasScannedForEncodings = 0;
			knownRegions = (
				en,
				Base,
			);
			mainGroup = 3D5CFC7A2B72EFE700E96DDB;
			productRefGroup = 3D5CFC842B72EFE700E96DDB /* Products */;
			projectDirPath = "";
			projectRoot = "";
			targets = (
				3D5CFC822B72EFE700E96DDB /* CoreML Body Fat */,
				3DFC602B2B73DD23008956E6 /* CoreMLBodyFatUITests */,
			);
		};
/* End PBXProject section */

/* Begin PBXResourcesBuildPhase section */
		3D5CFC812B72EFE700E96DDB /* Resources */ = {
			isa = PBXResourcesBuildPhase;
			buildActionMask = 2147483647;
			files = (
				3D5CFC8B2B72EFE800E96DDB /* Assets.xcassets in Resources */,
			);
			runOnlyForDeploymentPostprocessing = 0;
		};
		3DFC602A2B73DD23008956E6 /* Resources */ = {
			isa = PBXResourcesBuildPhase;
			buildActionMask = 2147483647;
			files = (
			);
			runOnlyForDeploymentPostprocessing = 0;
		};
/* End PBXResourcesBuildPhase section */

/* Begin PBXSourcesBuildPhase section */
		3D5CFC7F2B72EFE700E96DDB /* Sources */ = {
			isa = PBXSourcesBuildPhase;
			buildActionMask = 2147483647;
			files = (
				3D5CFCAF2B72FA8400E96DDB /* WeightView.swift in Sources */,
				3D5CFCA72B72F99900E96DDB /* FloatingInputView.swift in Sources */,
				3D5CFCA12B72F95400E96DDB /* MetricsField.swift in Sources */,
				3D5CFCAD2B72FA6200E96DDB /* MetricView.swift in Sources */,
				3D5CFCA32B72F96B00E96DDB /* ViewModel.swift in Sources */,
				3D5CFCAB2B72F9F900E96DDB /* MarkerMetricView.swift in Sources */,
				3D5CFCA52B72F98300E96DDB /* CharacterView.swift in Sources */,
				3D5CFC9D2B72F92000E96DDB /* Gender.swift in Sources */,
				3D5CFC872B72EFE700E96DDB /* BodyFatApp.swift in Sources */,
				3D5CFC972B72F8AF00E96DDB /* MainView.swift in Sources */,
				3D5CFCA92B72F9B100E96DDB /* HeightView.swift in Sources */,
				3D5CFC952B72F44800E96DDB /* BodyFatModelExtended.mlmodel in Sources */,
				3D5CFC9B2B72F90A00E96DDB /* CharacterMetricsViewModel.swift in Sources */,
				3D5CFC9F2B72F93600E96DDB /* MetricDisplayable.swift in Sources */,
				3D5CFC992B72F8D500E96DDB /* BodyFatModel.swift in Sources */,
			);
			runOnlyForDeploymentPostprocessing = 0;
		};
		3DFC60282B73DD23008956E6 /* Sources */ = {
			isa = PBXSourcesBuildPhase;
			buildActionMask = 2147483647;
			files = (
				3DFC60312B73DD23008956E6 /* CoreMLBodyFatUITestsLaunchTests.swift in Sources */,
				3DFC602F2B73DD23008956E6 /* CoreMLBodyFatUITests.swift in Sources */,
			);
			runOnlyForDeploymentPostprocessing = 0;
		};
/* End PBXSourcesBuildPhase section */

/* Begin PBXTargetDependency section */
		3DFC60332B73DD23008956E6 /* PBXTargetDependency */ = {
			isa = PBXTargetDependency;
			target = 3D5CFC822B72EFE700E96DDB /* CoreML Body Fat */;
			targetProxy = 3DFC60322B73DD23008956E6 /* PBXContainerItemProxy */;
		};
/* End PBXTargetDependency section */

/* Begin XCBuildConfiguration section */
		3D5CFC8F2B72EFE800E96DDB /* Debug */ = {
			isa = XCBuildConfiguration;
			buildSettings = {
				ALWAYS_SEARCH_USER_PATHS = NO;
				ASSETCATALOG_COMPILER_GENERATE_SWIFT_ASSET_SYMBOL_EXTENSIONS = YES;
				CLANG_ANALYZER_NONNULL = YES;
				CLANG_ANALYZER_NUMBER_OBJECT_CONVERSION = YES_AGGRESSIVE;
				CLANG_CXX_LANGUAGE_STANDARD = "gnu++20";
				CLANG_ENABLE_MODULES = YES;
				CLANG_ENABLE_OBJC_ARC = YES;
				CLANG_ENABLE_OBJC_WEAK = YES;
				CLANG_WARN_BLOCK_CAPTURE_AUTORELEASING = YES;
				CLANG_WARN_BOOL_CONVERSION = YES;
				CLANG_WARN_COMMA = YES;
				CLANG_WARN_CONSTANT_CONVERSION = YES;
				CLANG_WARN_DEPRECATED_OBJC_IMPLEMENTATIONS = YES;
				CLANG_WARN_DIRECT_OBJC_ISA_USAGE = YES_ERROR;
				CLANG_WARN_DOCUMENTATION_COMMENTS = YES;
				CLANG_WARN_EMPTY_BODY = YES;
				CLANG_WARN_ENUM_CONVERSION = YES;
				CLANG_WARN_INFINITE_RECURSION = YES;
				CLANG_WARN_INT_CONVERSION = YES;
				CLANG_WARN_NON_LITERAL_NULL_CONVERSION = YES;
				CLANG_WARN_OBJC_IMPLICIT_RETAIN_SELF = YES;
				CLANG_WARN_OBJC_LITERAL_CONVERSION = YES;
				CLANG_WARN_OBJC_ROOT_CLASS = YES_ERROR;
				CLANG_WARN_QUOTED_INCLUDE_IN_FRAMEWORK_HEADER = YES;
				CLANG_WARN_RANGE_LOOP_ANALYSIS = YES;
				CLANG_WARN_STRICT_PROTOTYPES = YES;
				CLANG_WARN_SUSPICIOUS_MOVE = YES;
				CLANG_WARN_UNGUARDED_AVAILABILITY = YES_AGGRESSIVE;
				CLANG_WARN_UNREACHABLE_CODE = YES;
				CLANG_WARN__DUPLICATE_METHOD_MATCH = YES;
				COPY_PHASE_STRIP = NO;
				DEBUG_INFORMATION_FORMAT = dwarf;
				ENABLE_STRICT_OBJC_MSGSEND = YES;
				ENABLE_TESTABILITY = YES;
				ENABLE_USER_SCRIPT_SANDBOXING = YES;
				GCC_C_LANGUAGE_STANDARD = gnu17;
				GCC_DYNAMIC_NO_PIC = NO;
				GCC_NO_COMMON_BLOCKS = YES;
				GCC_OPTIMIZATION_LEVEL = 0;
				GCC_PREPROCESSOR_DEFINITIONS = (
					"DEBUG=1",
					"$(inherited)",
				);
				GCC_WARN_64_TO_32_BIT_CONVERSION = YES;
				GCC_WARN_ABOUT_RETURN_TYPE = YES_ERROR;
				GCC_WARN_UNDECLARED_SELECTOR = YES;
				GCC_WARN_UNINITIALIZED_AUTOS = YES_AGGRESSIVE;
				GCC_WARN_UNUSED_FUNCTION = YES;
				GCC_WARN_UNUSED_VARIABLE = YES;
				IPHONEOS_DEPLOYMENT_TARGET = 17.0;
				LOCALIZATION_PREFERS_STRING_CATALOGS = YES;
				MTL_ENABLE_DEBUG_INFO = INCLUDE_SOURCE;
				MTL_FAST_MATH = YES;
				ONLY_ACTIVE_ARCH = YES;
				SDKROOT = iphoneos;
				SWIFT_ACTIVE_COMPILATION_CONDITIONS = "DEBUG $(inherited)";
				SWIFT_OPTIMIZATION_LEVEL = "-Onone";
			};
			name = Debug;
		};
		3D5CFC902B72EFE800E96DDB /* Release */ = {
			isa = XCBuildConfiguration;
			buildSettings = {
				ALWAYS_SEARCH_USER_PATHS = NO;
				ASSETCATALOG_COMPILER_GENERATE_SWIFT_ASSET_SYMBOL_EXTENSIONS = YES;
				CLANG_ANALYZER_NONNULL = YES;
				CLANG_ANALYZER_NUMBER_OBJECT_CONVERSION = YES_AGGRESSIVE;
				CLANG_CXX_LANGUAGE_STANDARD = "gnu++20";
				CLANG_ENABLE_MODULES = YES;
				CLANG_ENABLE_OBJC_ARC = YES;
				CLANG_ENABLE_OBJC_WEAK = YES;
				CLANG_WARN_BLOCK_CAPTURE_AUTORELEASING = YES;
				CLANG_WARN_BOOL_CONVERSION = YES;
				CLANG_WARN_COMMA = YES;
				CLANG_WARN_CONSTANT_CONVERSION = YES;
				CLANG_WARN_DEPRECATED_OBJC_IMPLEMENTATIONS = YES;
				CLANG_WARN_DIRECT_OBJC_ISA_USAGE = YES_ERROR;
				CLANG_WARN_DOCUMENTATION_COMMENTS = YES;
				CLANG_WARN_EMPTY_BODY = YES;
				CLANG_WARN_ENUM_CONVERSION = YES;
				CLANG_WARN_INFINITE_RECURSION = YES;
				CLANG_WARN_INT_CONVERSION = YES;
				CLANG_WARN_NON_LITERAL_NULL_CONVERSION = YES;
				CLANG_WARN_OBJC_IMPLICIT_RETAIN_SELF = YES;
				CLANG_WARN_OBJC_LITERAL_CONVERSION = YES;
				CLANG_WARN_OBJC_ROOT_CLASS = YES_ERROR;
				CLANG_WARN_QUOTED_INCLUDE_IN_FRAMEWORK_HEADER = YES;
				CLANG_WARN_RANGE_LOOP_ANALYSIS = YES;
				CLANG_WARN_STRICT_PROTOTYPES = YES;
				CLANG_WARN_SUSPICIOUS_MOVE = YES;
				CLANG_WARN_UNGUARDED_AVAILABILITY = YES_AGGRESSIVE;
				CLANG_WARN_UNREACHABLE_CODE = YES;
				CLANG_WARN__DUPLICATE_METHOD_MATCH = YES;
				COPY_PHASE_STRIP = NO;
				DEBUG_INFORMATION_FORMAT = "dwarf-with-dsym";
				ENABLE_NS_ASSERTIONS = NO;
				ENABLE_STRICT_OBJC_MSGSEND = YES;
				ENABLE_USER_SCRIPT_SANDBOXING = YES;
				GCC_C_LANGUAGE_STANDARD = gnu17;
				GCC_NO_COMMON_BLOCKS = YES;
				GCC_WARN_64_TO_32_BIT_CONVERSION = YES;
				GCC_WARN_ABOUT_RETURN_TYPE = YES_ERROR;
				GCC_WARN_UNDECLARED_SELECTOR = YES;
				GCC_WARN_UNINITIALIZED_AUTOS = YES_AGGRESSIVE;
				GCC_WARN_UNUSED_FUNCTION = YES;
				GCC_WARN_UNUSED_VARIABLE = YES;
				IPHONEOS_DEPLOYMENT_TARGET = 17.0;
				LOCALIZATION_PREFERS_STRING_CATALOGS = YES;
				MTL_ENABLE_DEBUG_INFO = NO;
				MTL_FAST_MATH = YES;
				SDKROOT = iphoneos;
				SWIFT_COMPILATION_MODE = wholemodule;
				VALIDATE_PRODUCT = YES;
			};
			name = Release;
		};
		3D5CFC922B72EFE800E96DDB /* Debug */ = {
			isa = XCBuildConfiguration;
			buildSettings = {
				ASSETCATALOG_COMPILER_APPICON_NAME = AppIcon;
				ASSETCATALOG_COMPILER_GLOBAL_ACCENT_COLOR_NAME = AccentColor;
				CODE_SIGN_STYLE = Automatic;
				CURRENT_PROJECT_VERSION = 1;
				DEVELOPMENT_TEAM = 5PZDUPSM9U;
				ENABLE_PREVIEWS = YES;
				GENERATE_INFOPLIST_FILE = YES;
				INFOPLIST_KEY_UIApplicationSceneManifest_Generation = YES;
				INFOPLIST_KEY_UIApplicationSupportsIndirectInputEvents = YES;
				INFOPLIST_KEY_UILaunchScreen_Generation = YES;
				INFOPLIST_KEY_UISupportedInterfaceOrientations = UIInterfaceOrientationPortrait;
				LD_RUNPATH_SEARCH_PATHS = (
					"$(inherited)",
					"@executable_path/Frameworks",
				);
				MARKETING_VERSION = 1.0;
				PRODUCT_BUNDLE_IDENTIFIER = "alexander.karpenko.CoreML-Body-Fat";
				PRODUCT_NAME = "$(TARGET_NAME)";
				SUPPORTED_PLATFORMS = "iphoneos iphonesimulator";
				SUPPORTS_MACCATALYST = NO;
				SUPPORTS_MAC_DESIGNED_FOR_IPHONE_IPAD = NO;
				SWIFT_EMIT_LOC_STRINGS = YES;
				SWIFT_VERSION = 5.0;
				TARGETED_DEVICE_FAMILY = 1;
			};
			name = Debug;
		};
		3D5CFC932B72EFE800E96DDB /* Release */ = {
			isa = XCBuildConfiguration;
			buildSettings = {
				ASSETCATALOG_COMPILER_APPICON_NAME = AppIcon;
				ASSETCATALOG_COMPILER_GLOBAL_ACCENT_COLOR_NAME = AccentColor;
				CODE_SIGN_STYLE = Automatic;
				CURRENT_PROJECT_VERSION = 1;
				DEVELOPMENT_TEAM = 5PZDUPSM9U;
				ENABLE_PREVIEWS = YES;
				GENERATE_INFOPLIST_FILE = YES;
				INFOPLIST_KEY_UIApplicationSceneManifest_Generation = YES;
				INFOPLIST_KEY_UIApplicationSupportsIndirectInputEvents = YES;
				INFOPLIST_KEY_UILaunchScreen_Generation = YES;
				INFOPLIST_KEY_UISupportedInterfaceOrientations = UIInterfaceOrientationPortrait;
				LD_RUNPATH_SEARCH_PATHS = (
					"$(inherited)",
					"@executable_path/Frameworks",
				);
				MARKETING_VERSION = 1.0;
				PRODUCT_BUNDLE_IDENTIFIER = "alexander.karpenko.CoreML-Body-Fat";
				PRODUCT_NAME = "$(TARGET_NAME)";
				SUPPORTED_PLATFORMS = "iphoneos iphonesimulator";
				SUPPORTS_MACCATALYST = NO;
				SUPPORTS_MAC_DESIGNED_FOR_IPHONE_IPAD = NO;
				SWIFT_EMIT_LOC_STRINGS = YES;
				SWIFT_VERSION = 5.0;
				TARGETED_DEVICE_FAMILY = 1;
			};
			name = Release;
		};
		3DFC60352B73DD23008956E6 /* Debug */ = {
			isa = XCBuildConfiguration;
			buildSettings = {
				CODE_SIGN_STYLE = Automatic;
				CURRENT_PROJECT_VERSION = 1;
				DEVELOPMENT_TEAM = 5PZDUPSM9U;
				GENERATE_INFOPLIST_FILE = YES;
				MARKETING_VERSION = 1.0;
				PRODUCT_BUNDLE_IDENTIFIER = alexander.karpenko.CoreMLBodyFatUITests;
				PRODUCT_NAME = "$(TARGET_NAME)";
				SUPPORTED_PLATFORMS = "iphoneos iphonesimulator";
				SUPPORTS_MACCATALYST = NO;
				SUPPORTS_MAC_DESIGNED_FOR_IPHONE_IPAD = NO;
				SWIFT_EMIT_LOC_STRINGS = NO;
				SWIFT_VERSION = 5.0;
				TARGETED_DEVICE_FAMILY = 1;
				TEST_TARGET_NAME = "CoreML Body Fat";
			};
			name = Debug;
		};
		3DFC60362B73DD23008956E6 /* Release */ = {
			isa = XCBuildConfiguration;
			buildSettings = {
				CODE_SIGN_STYLE = Automatic;
				CURRENT_PROJECT_VERSION = 1;
				DEVELOPMENT_TEAM = 5PZDUPSM9U;
				GENERATE_INFOPLIST_FILE = YES;
				MARKETING_VERSION = 1.0;
				PRODUCT_BUNDLE_IDENTIFIER = alexander.karpenko.CoreMLBodyFatUITests;
				PRODUCT_NAME = "$(TARGET_NAME)";
				SUPPORTED_PLATFORMS = "iphoneos iphonesimulator";
				SUPPORTS_MACCATALYST = NO;
				SUPPORTS_MAC_DESIGNED_FOR_IPHONE_IPAD = NO;
				SWIFT_EMIT_LOC_STRINGS = NO;
				SWIFT_VERSION = 5.0;
				TARGETED_DEVICE_FAMILY = 1;
				TEST_TARGET_NAME = "CoreML Body Fat";
			};
			name = Release;
		};
/* End XCBuildConfiguration section */

/* Begin XCConfigurationList section */
		3D5CFC7E2B72EFE700E96DDB /* Build configuration list for PBXProject "CoreMLBodyFat" */ = {
			isa = XCConfigurationList;
			buildConfigurations = (
				3D5CFC8F2B72EFE800E96DDB /* Debug */,
				3D5CFC902B72EFE800E96DDB /* Release */,
			);
			defaultConfigurationIsVisible = 0;
			defaultConfigurationName = Release;
		};
		3D5CFC912B72EFE800E96DDB /* Build configuration list for PBXNativeTarget "CoreML Body Fat" */ = {
			isa = XCConfigurationList;
			buildConfigurations = (
				3D5CFC922B72EFE800E96DDB /* Debug */,
				3D5CFC932B72EFE800E96DDB /* Release */,
			);
			defaultConfigurationIsVisible = 0;
			defaultConfigurationName = Release;
		};
		3DFC60342B73DD23008956E6 /* Build configuration list for PBXNativeTarget "CoreMLBodyFatUITests" */ = {
			isa = XCConfigurationList;
			buildConfigurations = (
				3DFC60352B73DD23008956E6 /* Debug */,
				3DFC60362B73DD23008956E6 /* Release */,
			);
			defaultConfigurationIsVisible = 0;
			defaultConfigurationName = Release;
		};
/* End XCConfigurationList section */
	};
	rootObject = 3D5CFC7B2B72EFE700E96DDB /* Project object */;
}
